
Microsoft Visual Studio Solution File, Format Version 12.00
# Visual Studio Version 17
VisualStudioVersion = 17.13.35931.197 d17.13
MinimumVisualStudioVersion = 10.0.40219.1
Project("{FAE04EC0-301F-11D3-BF4B-00C04F79EFBC}") = "webapp", "webapp\webapp.csproj", "{4BFDAF44-231E-488C-81E1-03DF7C7AF4E3}"
EndProject
Global
	GlobalSection(SolutionConfigurationPlatforms) = preSolution
		Debug|Any CPU = Debug|Any CPU
		Release|Any CPU = Release|Any CPU
	EndGlobalSection
	GlobalSection(ProjectConfigurationPlatforms) = postSolution
		{4BFDAF44-231E-488C-81E1-03DF7C7AF4E3}.Debug|Any CPU.ActiveCfg = Debug|Any CPU
		{4BFDAF44-231E-488C-81E1-03DF7C7AF4E3}.Debug|Any CPU.Build.0 = Debug|Any CPU
		{4BFDAF44-231E-488C-81E1-03DF7C7AF4E3}.Release|Any CPU.ActiveCfg = Release|Any CPU
		{4BFDAF44-231E-488C-81E1-03DF7C7AF4E3}.Release|Any CPU.Build.0 = Release|Any CPU
	EndGlobalSection
	GlobalSection(SolutionProperties) = preSolution
		HideSolutionNode = FALSE
	EndGlobalSection
	GlobalSection(ExtensibilityGlobals) = postSolution
		SolutionGuid = {52C763C8-FF1A-4E9F-80BB-39606671BBBE}
	EndGlobalSection
EndGlobal
